// !$*UTF8*$!
{
	archiveVersion = 1;
	classes = {
	};
	objectVersion = 46;
	objects = {

/* Begin PBXBuildFile section */
		B8837C821E97627B00259EFA /* main.m in Sources */ = {isa = PBXBuildFile; fileRef = B8837C811E97627B00259EFA /* main.m */; };
		B8837C851E97627B00259EFA /* AppDelegate.m in Sources */ = {isa = PBXBuildFile; fileRef = B8837C841E97627B00259EFA /* AppDelegate.m */; };
		B8837C881E97627B00259EFA /* ViewController.m in Sources */ = {isa = PBXBuildFile; fileRef = B8837C871E97627B00259EFA /* ViewController.m */; };
		B8837C8B1E97627B00259EFA /* Main.storyboard in Resources */ = {isa = PBXBuildFile; fileRef = B8837C891E97627B00259EFA /* Main.storyboard */; };
		B8837C8D1E97627C00259EFA /* Assets.xcassets in Resources */ = {isa = PBXBuildFile; fileRef = B8837C8C1E97627C00259EFA /* Assets.xcassets */; };
		B8837C901E97627C00259EFA /* LaunchScreen.storyboard in Resources */ = {isa = PBXBuildFile; fileRef = B8837C8E1E97627C00259EFA /* LaunchScreen.storyboard */; };
		B8837C9B1E97627C00259EFA /* GitTeamTestTests.m in Sources */ = {isa = PBXBuildFile; fileRef = B8837C9A1E97627C00259EFA /* GitTeamTestTests.m */; };
		B8837CA61E97627C00259EFA /* GitTeamTestUITests.m in Sources */ = {isa = PBXBuildFile; fileRef = B8837CA51E97627C00259EFA /* GitTeamTestUITests.m */; };
/* End PBXBuildFile section */

/* Begin PBXContainerItemProxy section */
		B8837C971E97627C00259EFA /* PBXContainerItemProxy */ = {
			isa = PBXContainerItemProxy;
			containerPortal = B8837C751E97627B00259EFA /* Project object */;
			proxyType = 1;
			remoteGlobalIDString = B8837C7C1E97627B00259EFA;
			remoteInfo = GitTeamTest;
		};
		B8837CA21E97627C00259EFA /* PBXContainerItemProxy */ = {
			isa = PBXContainerItemProxy;
			containerPortal = B8837C751E97627B00259EFA /* Project object */;
			proxyType = 1;
			remoteGlobalIDString = B8837C7C1E97627B00259EFA;
			remoteInfo = GitTeamTest;
		};
/* End PBXContainerItemProxy section */

/* Begin PBXFileReference section */
		B8837C7D1E97627B00259EFA /* GitTeamTest.app */ = {isa = PBXFileReference; explicitFileType = wrapper.application; includeInIndex = 0; path = GitTeamTest.app; sourceTree = BUILT_PRODUCTS_DIR; };
		B8837C811E97627B00259EFA /* main.m */ = {isa = PBXFileReference; lastKnownFileType = sourcecode.c.objc; path = main.m; sourceTree = "<group>"; };
		B8837C831E97627B00259EFA /* AppDelegate.h */ = {isa = PBXFileReference; lastKnownFileType = sourcecode.c.h; path = AppDelegate.h; sourceTree = "<group>"; };
		B8837C841E97627B00259EFA /* AppDelegate.m */ = {isa = PBXFileReference; lastKnownFileType = sourcecode.c.objc; path = AppDelegate.m; sourceTree = "<group>"; };
		B8837C861E97627B00259EFA /* ViewController.h */ = {isa = PBXFileReference; lastKnownFileType = sourcecode.c.h; path = ViewController.h; sourceTree = "<group>"; };
		B8837C871E97627B00259EFA /* ViewController.m */ = {isa = PBXFileReference; lastKnownFileType = sourcecode.c.objc; path = ViewController.m; sourceTree = "<group>"; };
		B8837C8A1E97627B00259EFA /* Base */ = {isa = PBXFileReference; lastKnownFileType = file.storyboard; name = Base; path = Base.lproj/Main.storyboard; sourceTree = "<group>"; };
		B8837C8C1E97627C00259EFA /* Assets.xcassets */ = {isa = PBXFileReference; lastKnownFileType = folder.assetcatalog; path = Assets.xcassets; sourceTree = "<group>"; };
		B8837C8F1E97627C00259EFA /* Base */ = {isa = PBXFileReference; lastKnownFileType = file.storyboard; name = Base; path = Base.lproj/LaunchScreen.storyboard; sourceTree = "<group>"; };
		B8837C911E97627C00259EFA /* Info.plist */ = {isa = PBXFileReference; lastKnownFileType = text.plist.xml; path = Info.plist; sourceTree = "<group>"; };
		B8837C961E97627C00259EFA /* GitTeamTestTests.xctest */ = {isa = PBXFileReference; explicitFileType = wrapper.cfbundle; includeInIndex = 0; path = GitTeamTestTests.xctest; sourceTree = BUILT_PRODUCTS_DIR; };
		B8837C9A1E97627C00259EFA /* GitTeamTestTests.m */ = {isa = PBXFileReference; lastKnownFileType = sourcecode.c.objc; path = GitTeamTestTests.m; sourceTree = "<group>"; };
		B8837C9C1E97627C00259EFA /* Info.plist */ = {isa = PBXFileReference; lastKnownFileType = text.plist.xml; path = Info.plist; sourceTree = "<group>"; };
		B8837CA11E97627C00259EFA /* GitTeamTestUITests.xctest */ = {isa = PBXFileReference; explicitFileType = wrapper.cfbundle; includeInIndex = 0; path = GitTeamTestUITests.xctest; sourceTree = BUILT_PRODUCTS_DIR; };
		B8837CA51E97627C00259EFA /* GitTeamTestUITests.m */ = {isa = PBXFileReference; lastKnownFileType = sourcecode.c.objc; path = GitTeamTestUITests.m; sourceTree = "<group>"; };
		B8837CA71E97627C00259EFA /* Info.plist */ = {isa = PBXFileReference; lastKnownFileType = text.plist.xml; path = Info.plist; sourceTree = "<group>"; };
/* End PBXFileReference section */

/* Begin PBXFrameworksBuildPhase section */
		B8837C7A1E97627B00259EFA /* Frameworks */ = {
			isa = PBXFrameworksBuildPhase;
			buildActionMask = 2147483647;
			files = (
			);
			runOnlyForDeploymentPostprocessing = 0;
		};
		B8837C931E97627C00259EFA /* Frameworks */ = {
			isa = PBXFrameworksBuildPhase;
			buildActionMask = 2147483647;
			files = (
			);
			runOnlyForDeploymentPostprocessing = 0;
		};
		B8837C9E1E97627C00259EFA /* Frameworks */ = {
			isa = PBXFrameworksBuildPhase;
			buildActionMask = 2147483647;
			files = (
			);
			runOnlyForDeploymentPostprocessing = 0;
		};
/* End PBXFrameworksBuildPhase section */

/* Begin PBXGroup section */
		B8837C741E97627B00259EFA = {
			isa = PBXGroup;
			children = (
				B8837C7F1E97627B00259EFA /* GitTeamTest */,
				B8837C991E97627C00259EFA /* GitTeamTestTests */,
				B8837CA41E97627C00259EFA /* GitTeamTestUITests */,
				B8837C7E1E97627B00259EFA /* Products */,
			);
			sourceTree = "<group>";
		};
		B8837C7E1E97627B00259EFA /* Products */ = {
			isa = PBXGroup;
			children = (
				B8837C7D1E97627B00259EFA /* GitTeamTest.app */,
				B8837C961E97627C00259EFA /* GitTeamTestTests.xctest */,
				B8837CA11E97627C00259EFA /* GitTeamTestUITests.xctest */,
			);
			name = Products;
			sourceTree = "<group>";
		};
		B8837C7F1E97627B00259EFA /* GitTeamTest */ = {
			isa = PBXGroup;
			children = (
				B8837C831E97627B00259EFA /* AppDelegate.h */,
				B8837C841E97627B00259EFA /* AppDelegate.m */,
				B8837C861E97627B00259EFA /* ViewController.h */,
				B8837C871E97627B00259EFA /* ViewController.m */,
				B8837C891E97627B00259EFA /* Main.storyboard */,
				B8837C8C1E97627C00259EFA /* Assets.xcassets */,
				B8837C8E1E97627C00259EFA /* LaunchScreen.storyboard */,
				B8837C911E97627C00259EFA /* Info.plist */,
				B8837C801E97627B00259EFA /* Supporting Files */,
			);
			path = GitTeamTest;
			sourceTree = "<group>";
		};
		B8837C801E97627B00259EFA /* Supporting Files */ = {
			isa = PBXGroup;
			children = (
				B8837C811E97627B00259EFA /* main.m */,
			);
			name = "Supporting Files";
			sourceTree = "<group>";
		};
		B8837C991E97627C00259EFA /* GitTeamTestTests */ = {
			isa = PBXGroup;
			children = (
				B8837C9A1E97627C00259EFA /* GitTeamTestTests.m */,
				B8837C9C1E97627C00259EFA /* Info.plist */,
			);
			path = GitTeamTestTests;
			sourceTree = "<group>";
		};
		B8837CA41E97627C00259EFA /* GitTeamTestUITests */ = {
			isa = PBXGroup;
			children = (
				B8837CA51E97627C00259EFA /* GitTeamTestUITests.m */,
				B8837CA71E97627C00259EFA /* Info.plist */,
			);
			path = GitTeamTestUITests;
			sourceTree = "<group>";
		};
/* End PBXGroup section */

/* Begin PBXNativeTarget section */
		B8837C7C1E97627B00259EFA /* GitTeamTest */ = {
			isa = PBXNativeTarget;
			buildConfigurationList = B8837CAA1E97627C00259EFA /* Build configuration list for PBXNativeTarget "GitTeamTest" */;
			buildPhases = (
				B8837C791E97627B00259EFA /* Sources */,
				B8837C7A1E97627B00259EFA /* Frameworks */,
				B8837C7B1E97627B00259EFA /* Resources */,
			);
			buildRules = (
			);
			dependencies = (
			);
			name = GitTeamTest;
			productName = GitTeamTest;
			productReference = B8837C7D1E97627B00259EFA /* GitTeamTest.app */;
			productType = "com.apple.product-type.application";
		};
		B8837C951E97627C00259EFA /* GitTeamTestTests */ = {
			isa = PBXNativeTarget;
			buildConfigurationList = B8837CAD1E97627C00259EFA /* Build configuration list for PBXNativeTarget "GitTeamTestTests" */;
			buildPhases = (
				B8837C921E97627C00259EFA /* Sources */,
				B8837C931E97627C00259EFA /* Frameworks */,
				B8837C941E97627C00259EFA /* Resources */,
			);
			buildRules = (
			);
			dependencies = (
				B8837C981E97627C00259EFA /* PBXTargetDependency */,
			);
			name = GitTeamTestTests;
			productName = GitTeamTestTests;
			productReference = B8837C961E97627C00259EFA /* GitTeamTestTests.xctest */;
			productType = "com.apple.product-type.bundle.unit-test";
		};
		B8837CA01E97627C00259EFA /* GitTeamTestUITests */ = {
			isa = PBXNativeTarget;
			buildConfigurationList = B8837CB01E97627C00259EFA /* Build configuration list for PBXNativeTarget "GitTeamTestUITests" */;
			buildPhases = (
				B8837C9D1E97627C00259EFA /* Sources */,
				B8837C9E1E97627C00259EFA /* Frameworks */,
				B8837C9F1E97627C00259EFA /* Resources */,
			);
			buildRules = (
			);
			dependencies = (
				B8837CA31E97627C00259EFA /* PBXTargetDependency */,
			);
			name = GitTeamTestUITests;
			productName = GitTeamTestUITests;
			productReference = B8837CA11E97627C00259EFA /* GitTeamTestUITests.xctest */;
			productType = "com.apple.product-type.bundle.ui-testing";
		};
/* End PBXNativeTarget section */

/* Begin PBXProject section */
		B8837C751E97627B00259EFA /* Project object */ = {
			isa = PBXProject;
			attributes = {
				LastUpgradeCheck = 0820;
				ORGANIZATIONNAME = dev8;
				TargetAttributes = {
					B8837C7C1E97627B00259EFA = {
						CreatedOnToolsVersion = 8.2.1;
						DevelopmentTeam = 7C33SUQL9M;
						ProvisioningStyle = Automatic;
					};
					B8837C951E97627C00259EFA = {
						CreatedOnToolsVersion = 8.2.1;
						ProvisioningStyle = Automatic;
						TestTargetID = B8837C7C1E97627B00259EFA;
					};
					B8837CA01E97627C00259EFA = {
						CreatedOnToolsVersion = 8.2.1;
						ProvisioningStyle = Automatic;
						TestTargetID = B8837C7C1E97627B00259EFA;
					};
				};
			};
			buildConfigurationList = B8837C781E97627B00259EFA /* Build configuration list for PBXProject "GitTeamTest" */;
			compatibilityVersion = "Xcode 3.2";
			developmentRegion = English;
			hasScannedForEncodings = 0;
			knownRegions = (
				en,
				Base,
			);
			mainGroup = B8837C741E97627B00259EFA;
			productRefGroup = B8837C7E1E97627B00259EFA /* Products */;
			projectDirPath = "";
			projectRoot = "";
			targets = (
				B8837C7C1E97627B00259EFA /* GitTeamTest */,
				B8837C951E97627C00259EFA /* GitTeamTestTests */,
				B8837CA01E97627C00259EFA /* GitTeamTestUITests */,
			);
		};
/* End PBXProject section */

/* Begin PBXResourcesBuildPhase section */
		B8837C7B1E97627B00259EFA /* Resources */ = {
			isa = PBXResourcesBuildPhase;
			buildActionMask = 2147483647;
			files = (
				B8837C901E97627C00259EFA /* LaunchScreen.storyboard in Resources */,
				B8837C8D1E97627C00259EFA /* Assets.xcassets in Resources */,
				B8837C8B1E97627B00259EFA /* Main.storyboard in Resources */,
			);
			runOnlyForDeploymentPostprocessing = 0;
		};
		B8837C941E97627C00259EFA /* Resources */ = {
			isa = PBXResourcesBuildPhase;
			buildActionMask = 2147483647;
			files = (
			);
			runOnlyForDeploymentPostprocessing = 0;
		};
		B8837C9F1E97627C00259EFA /* Resources */ = {
			isa = PBXResourcesBuildPhase;
			buildActionMask = 2147483647;
			files = (
			);
			runOnlyForDeploymentPostprocessing = 0;
		};
/* End PBXResourcesBuildPhase section */

/* Begin PBXSourcesBuildPhase section */
		B8837C791E97627B00259EFA /* Sources */ = {
			isa = PBXSourcesBuildPhase;
			buildActionMask = 2147483647;
			files = (
				B8837C881E97627B00259EFA /* ViewController.m in Sources */,
				B8837C851E97627B00259EFA /* AppDelegate.m in Sources */,
				B8837C821E97627B00259EFA /* main.m in Sources */,
			);
			runOnlyForDeploymentPostprocessing = 0;
		};
		B8837C921E97627C00259EFA /* Sources */ = {
			isa = PBXSourcesBuildPhase;
			buildActionMask = 2147483647;
			files = (
				B8837C9B1E97627C00259EFA /* GitTeamTestTests.m in Sources */,
			);
			runOnlyForDeploymentPostprocessing = 0;
		};
		B8837C9D1E97627C00259EFA /* Sources */ = {
			isa = PBXSourcesBuildPhase;
			buildActionMask = 2147483647;
			files = (
				B8837CA61E97627C00259EFA /* GitTeamTestUITests.m in Sources */,
			);
			runOnlyForDeploymentPostprocessing = 0;
		};
/* End PBXSourcesBuildPhase section */

/* Begin PBXTargetDependency section */
		B8837C981E97627C00259EFA /* PBXTargetDependency */ = {
			isa = PBXTargetDependency;
			target = B8837C7C1E97627B00259EFA /* GitTeamTest */;
			targetProxy = B8837C971E97627C00259EFA /* PBXContainerItemProxy */;
		};
		B8837CA31E97627C00259EFA /* PBXTargetDependency */ = {
			isa = PBXTargetDependency;
			target = B8837C7C1E97627B00259EFA /* GitTeamTest */;
			targetProxy = B8837CA21E97627C00259EFA /* PBXContainerItemProxy */;
		};
/* End PBXTargetDependency section */

/* Begin PBXVariantGroup section */
		B8837C891E97627B00259EFA /* Main.storyboard */ = {
			isa = PBXVariantGroup;
			children = (
				B8837C8A1E97627B00259EFA /* Base */,
			);
			name = Main.storyboard;
			sourceTree = "<group>";
		};
		B8837C8E1E97627C00259EFA /* LaunchScreen.storyboard */ = {
			isa = PBXVariantGroup;
			children = (
				B8837C8F1E97627C00259EFA /* Base */,
			);
			name = LaunchScreen.storyboard;
			sourceTree = "<group>";
		};
/* End PBXVariantGroup section */

/* Begin XCBuildConfiguration section */
		B8837CA81E97627C00259EFA /* Debug */ = {
			isa = XCBuildConfiguration;
			buildSettings = {
				ALWAYS_SEARCH_USER_PATHS = NO;
				CLANG_ANALYZER_NONNULL = YES;
				CLANG_CXX_LANGUAGE_STANDARD = "gnu++0x";
				CLANG_CXX_LIBRARY = "libc++";
				CLANG_ENABLE_MODULES = YES;
				CLANG_ENABLE_OBJC_ARC = YES;
				CLANG_WARN_BOOL_CONVERSION = YES;
				CLANG_WARN_CONSTANT_CONVERSION = YES;
				CLANG_WARN_DIRECT_OBJC_ISA_USAGE = YES_ERROR;
				CLANG_WARN_DOCUMENTATION_COMMENTS = YES;
				CLANG_WARN_EMPTY_BODY = YES;
				CLANG_WARN_ENUM_CONVERSION = YES;
				CLANG_WARN_INFINITE_RECURSION = YES;
				CLANG_WARN_INT_CONVERSION = YES;
				CLANG_WARN_OBJC_ROOT_CLASS = YES_ERROR;
				CLANG_WARN_SUSPICIOUS_MOVE = YES;
				CLANG_WARN_UNREACHABLE_CODE = YES;
				CLANG_WARN__DUPLICATE_METHOD_MATCH = YES;
				"CODE_SIGN_IDENTITY[sdk=iphoneos*]" = "iPhone Developer";
				COPY_PHASE_STRIP = NO;
				DEBUG_INFORMATION_FORMAT = dwarf;
				ENABLE_STRICT_OBJC_MSGSEND = YES;
				ENABLE_TESTABILITY = YES;
				GCC_C_LANGUAGE_STANDARD = gnu99;
				GCC_DYNAMIC_NO_PIC = NO;
				GCC_NO_COMMON_BLOCKS = YES;
				GCC_OPTIMIZATION_LEVEL = 0;
				GCC_PREPROCESSOR_DEFINITIONS = (
					"DEBUG=1",
					"$(inherited)",
				);
				GCC_WARN_64_TO_32_BIT_CONVERSION = YES;
				GCC_WARN_ABOUT_RETURN_TYPE = YES_ERROR;
				GCC_WARN_UNDECLARED_SELECTOR = YES;
				GCC_WARN_UNINITIALIZED_AUTOS = YES_AGGRESSIVE;
				GCC_WARN_UNUSED_FUNCTION = YES;
				GCC_WARN_UNUSED_VARIABLE = YES;
				IPHONEOS_DEPLOYMENT_TARGET = 10.2;
				MTL_ENABLE_DEBUG_INFO = YES;
				ONLY_ACTIVE_ARCH = YES;
				SDKROOT = iphoneos;
			};
			name = Debug;
		};
		B8837CA91E97627C00259EFA /* Release */ = {
			isa = XCBuildConfiguration;
			buildSettings = {
				ALWAYS_SEARCH_USER_PATHS = NO;
				CLANG_ANALYZER_NONNULL = YES;
				CLANG_CXX_LANGUAGE_STANDARD = "gnu++0x";
				CLANG_CXX_LIBRARY = "libc++";
				CLANG_ENABLE_MODULES = YES;
				CLANG_ENABLE_OBJC_ARC = YES;
				CLANG_WARN_BOOL_CONVERSION = YES;
				CLANG_WARN_CONSTANT_CONVERSION = YES;
				CLANG_WARN_DIRECT_OBJC_ISA_USAGE = YES_ERROR;
				CLANG_WARN_DOCUMENTATION_COMMENTS = YES;
				CLANG_WARN_EMPTY_BODY = YES;
				CLANG_WARN_ENUM_CONVERSION = YES;
				CLANG_WARN_INFINITE_RECURSION = YES;
				CLANG_WARN_INT_CONVERSION = YES;
				CLANG_WARN_OBJC_ROOT_CLASS = YES_ERROR;
				CLANG_WARN_SUSPICIOUS_MOVE = YES;
				CLANG_WARN_UNREACHABLE_CODE = YES;
				CLANG_WARN__DUPLICATE_METHOD_MATCH = YES;
				"CODE_SIGN_IDENTITY[sdk=iphoneos*]" = "iPhone Developer";
				COPY_PHASE_STRIP = NO;
				DEBUG_INFORMATION_FORMAT = "dwarf-with-dsym";
				ENABLE_NS_ASSERTIONS = NO;
				ENABLE_STRICT_OBJC_MSGSEND = YES;
				GCC_C_LANGUAGE_STANDARD = gnu99;
				GCC_NO_COMMON_BLOCKS = YES;
				GCC_WARN_64_TO_32_BIT_CONVERSION = YES;
				GCC_WARN_ABOUT_RETURN_TYPE = YES_ERROR;
				GCC_WARN_UNDECLARED_SELECTOR = YES;
				GCC_WARN_UNINITIALIZED_AUTOS = YES_AGGRESSIVE;
				GCC_WARN_UNUSED_FUNCTION = YES;
				GCC_WARN_UNUSED_VARIABLE = YES;
				IPHONEOS_DEPLOYMENT_TARGET = 10.2;
				MTL_ENABLE_DEBUG_INFO = NO;
				SDKROOT = iphoneos;
				VALIDATE_PRODUCT = YES;
			};
			name = Release;
		};
		B8837CAB1E97627C00259EFA /* Debug */ = {
			isa = XCBuildConfiguration;
			buildSettings = {
				ASSETCATALOG_COMPILER_APPICON_NAME = AppIcon;
				DEVELOPMENT_TEAM = 7C33SUQL9M;
				INFOPLIST_FILE = GitTeamTest/Info.plist;
				IPHONEOS_DEPLOYMENT_TARGET = 8.0;
				LD_RUNPATH_SEARCH_PATHS = "$(inherited) @executable_path/Frameworks";
				PRODUCT_BUNDLE_IDENTIFIER = com.bing.GitTeamTest;
				PRODUCT_NAME = "$(TARGET_NAME)";
			};
			name = Debug;
		};
		B8837CAC1E97627C00259EFA /* Release */ = {
			isa = XCBuildConfiguration;
			buildSettings = {
				ASSETCATALOG_COMPILER_APPICON_NAME = AppIcon;
				DEVELOPMENT_TEAM = 7C33SUQL9M;
				INFOPLIST_FILE = GitTeamTest/Info.plist;
				IPHONEOS_DEPLOYMENT_TARGET = 8.0;
				LD_RUNPATH_SEARCH_PATHS = "$(inherited) @executable_path/Frameworks";
				PRODUCT_BUNDLE_IDENTIFIER = com.bing.GitTeamTest;
				PRODUCT_NAME = "$(TARGET_NAME)";
			};
			name = Release;
		};
		B8837CAE1E97627C00259EFA /* Debug */ = {
			isa = XCBuildConfiguration;
			buildSettings = {
				BUNDLE_LOADER = "$(TEST_HOST)";
				INFOPLIST_FILE = GitTeamTestTests/Info.plist;
				LD_RUNPATH_SEARCH_PATHS = "$(inherited) @executable_path/Frameworks @loader_path/Frameworks";
				PRODUCT_BUNDLE_IDENTIFIER = com.bing.GitTeamTestTests;
				PRODUCT_NAME = "$(TARGET_NAME)";
				TEST_HOST = "$(BUILT_PRODUCTS_DIR)/GitTeamTest.app/GitTeamTest";
			};
			name = Debug;
		};
		B8837CAF1E97627C00259EFA /* Release */ = {
			isa = XCBuildConfiguration;
			buildSettings = {
				BUNDLE_LOADER = "$(TEST_HOST)";
				INFOPLIST_FILE = GitTeamTestTests/Info.plist;
				LD_RUNPATH_SEARCH_PATHS = "$(inherited) @executable_path/Frameworks @loader_path/Frameworks";
				PRODUCT_BUNDLE_IDENTIFIER = com.bing.GitTeamTestTests;
				PRODUCT_NAME = "$(TARGET_NAME)";
				TEST_HOST = "$(BUILT_PRODUCTS_DIR)/GitTeamTest.app/GitTeamTest";
			};
			name = Release;
		};
		B8837CB11E97627C00259EFA /* Debug */ = {
			isa = XCBuildConfiguration;
			buildSettings = {
				INFOPLIST_FILE = GitTeamTestUITests/Info.plist;
				LD_RUNPATH_SEARCH_PATHS = "$(inherited) @executable_path/Frameworks @loader_path/Frameworks";
				PRODUCT_BUNDLE_IDENTIFIER = com.bing.GitTeamTestUITests;
				PRODUCT_NAME = "$(TARGET_NAME)";
				TEST_TARGET_NAME = GitTeamTest;
			};
			name = Debug;
		};
		B8837CB21E97627C00259EFA /* Release */ = {
			isa = XCBuildConfiguration;
			buildSettings = {
				INFOPLIST_FILE = GitTeamTestUITests/Info.plist;
				LD_RUNPATH_SEARCH_PATHS = "$(inherited) @executable_path/Frameworks @loader_path/Frameworks";
				PRODUCT_BUNDLE_IDENTIFIER = com.bing.GitTeamTestUITests;
				PRODUCT_NAME = "$(TARGET_NAME)";
				TEST_TARGET_NAME = GitTeamTest;
			};
			name = Release;
		};
/* End XCBuildConfiguration section */

/* Begin XCConfigurationList section */
		B8837C781E97627B00259EFA /* Build configuration list for PBXProject "GitTeamTest" */ = {
			isa = XCConfigurationList;
			buildConfigurations = (
				B8837CA81E97627C00259EFA /* Debug */,
				B8837CA91E97627C00259EFA /* Release */,
			);
			defaultConfigurationIsVisible = 0;
			defaultConfigurationName = Release;
		};
		B8837CAA1E97627C00259EFA /* Build configuration list for PBXNativeTarget "GitTeamTest" */ = {
			isa = XCConfigurationList;
			buildConfigurations = (
				B8837CAB1E97627C00259EFA /* Debug */,
				B8837CAC1E97627C00259EFA /* Release */,
			);
			defaultConfigurationIsVisible = 0;
		};
		B8837CAD1E97627C00259EFA /* Build configuration list for PBXNativeTarget "GitTeamTestTests" */ = {
			isa = XCConfigurationList;
			buildConfigurations = (
				B8837CAE1E97627C00259EFA /* Debug */,
				B8837CAF1E97627C00259EFA /* Release */,
			);
			defaultConfigurationIsVisible = 0;
		};
		B8837CB01E97627C00259EFA /* Build configuration list for PBXNativeTarget "GitTeamTestUITests" */ = {
			isa = XCConfigurationList;
			buildConfigurations = (
				B8837CB11E97627C00259EFA /* Debug */,
				B8837CB21E97627C00259EFA /* Release */,
			);
			defaultConfigurationIsVisible = 0;
		};
/* End XCConfigurationList section */
	};
	rootObject = B8837C751E97627B00259EFA /* Project object */;
}
